// !$*UTF8*$!
{
	archiveVersion = 1;
	classes = {
	};
	objectVersion = 46;
	objects = {

/* Begin PBXBuildFile section */
		2AEE9D011EA30E07002BBF03 /* AppDelegate.swift in Sources */ = {isa = PBXBuildFile; fileRef = 2AEE9D001EA30E07002BBF03 /* AppDelegate.swift */; };
		2AEE9D031EA30E07002BBF03 /* ViewController.swift in Sources */ = {isa = PBXBuildFile; fileRef = 2AEE9D021EA30E07002BBF03 /* ViewController.swift */; };
		2AEE9D061EA30E07002BBF03 /* Main.storyboard in Resources */ = {isa = PBXBuildFile; fileRef = 2AEE9D041EA30E07002BBF03 /* Main.storyboard */; };
		2AEE9D081EA30E07002BBF03 /* Assets.xcassets in Resources */ = {isa = PBXBuildFile; fileRef = 2AEE9D071EA30E07002BBF03 /* Assets.xcassets */; };
		2AEE9D0B1EA30E07002BBF03 /* LaunchScreen.storyboard in Resources */ = {isa = PBXBuildFile; fileRef = 2AEE9D091EA30E07002BBF03 /* LaunchScreen.storyboard */; };
		2AEE9D161EA30E07002BBF03 /* PageViewControllerTests.swift in Sources */ = {isa = PBXBuildFile; fileRef = 2AEE9D151EA30E07002BBF03 /* PageViewControllerTests.swift */; };
		2AEE9D211EA30E07002BBF03 /* PageViewControllerUITests.swift in Sources */ = {isa = PBXBuildFile; fileRef = 2AEE9D201EA30E07002BBF03 /* PageViewControllerUITests.swift */; };
		2AEE9D2F1EA30FB5002BBF03 /* PageVC.swift in Sources */ = {isa = PBXBuildFile; fileRef = 2AEE9D2E1EA30FB5002BBF03 /* PageVC.swift */; };
/* End PBXBuildFile section */

/* Begin PBXContainerItemProxy section */
		2AEE9D121EA30E07002BBF03 /* PBXContainerItemProxy */ = {
			isa = PBXContainerItemProxy;
			containerPortal = 2AEE9CF51EA30E07002BBF03 /* Project object */;
			proxyType = 1;
			remoteGlobalIDString = 2AEE9CFC1EA30E07002BBF03;
			remoteInfo = PageViewController;
		};
		2AEE9D1D1EA30E07002BBF03 /* PBXContainerItemProxy */ = {
			isa = PBXContainerItemProxy;
			containerPortal = 2AEE9CF51EA30E07002BBF03 /* Project object */;
			proxyType = 1;
			remoteGlobalIDString = 2AEE9CFC1EA30E07002BBF03;
			remoteInfo = PageViewController;
		};
/* End PBXContainerItemProxy section */

/* Begin PBXFileReference section */
		2AEE9CFD1EA30E07002BBF03 /* PageViewController.app */ = {isa = PBXFileReference; explicitFileType = wrapper.application; includeInIndex = 0; path = PageViewController.app; sourceTree = BUILT_PRODUCTS_DIR; };
		2AEE9D001EA30E07002BBF03 /* AppDelegate.swift */ = {isa = PBXFileReference; lastKnownFileType = sourcecode.swift; path = AppDelegate.swift; sourceTree = "<group>"; };
		2AEE9D021EA30E07002BBF03 /* ViewController.swift */ = {isa = PBXFileReference; lastKnownFileType = sourcecode.swift; path = ViewController.swift; sourceTree = "<group>"; };
		2AEE9D051EA30E07002BBF03 /* Base */ = {isa = PBXFileReference; lastKnownFileType = file.storyboard; name = Base; path = Base.lproj/Main.storyboard; sourceTree = "<group>"; };
		2AEE9D071EA30E07002BBF03 /* Assets.xcassets */ = {isa = PBXFileReference; lastKnownFileType = folder.assetcatalog; path = Assets.xcassets; sourceTree = "<group>"; };
		2AEE9D0A1EA30E07002BBF03 /* Base */ = {isa = PBXFileReference; lastKnownFileType = file.storyboard; name = Base; path = Base.lproj/LaunchScreen.storyboard; sourceTree = "<group>"; };
		2AEE9D0C1EA30E07002BBF03 /* Info.plist */ = {isa = PBXFileReference; lastKnownFileType = text.plist.xml; path = Info.plist; sourceTree = "<group>"; };
		2AEE9D111EA30E07002BBF03 /* PageViewControllerTests.xctest */ = {isa = PBXFileReference; explicitFileType = wrapper.cfbundle; includeInIndex = 0; path = PageViewControllerTests.xctest; sourceTree = BUILT_PRODUCTS_DIR; };
		2AEE9D151EA30E07002BBF03 /* PageViewControllerTests.swift */ = {isa = PBXFileReference; lastKnownFileType = sourcecode.swift; path = PageViewControllerTests.swift; sourceTree = "<group>"; };
		2AEE9D171EA30E07002BBF03 /* Info.plist */ = {isa = PBXFileReference; lastKnownFileType = text.plist.xml; path = Info.plist; sourceTree = "<group>"; };
		2AEE9D1C1EA30E07002BBF03 /* PageViewControllerUITests.xctest */ = {isa = PBXFileReference; explicitFileType = wrapper.cfbundle; includeInIndex = 0; path = PageViewControllerUITests.xctest; sourceTree = BUILT_PRODUCTS_DIR; };
		2AEE9D201EA30E07002BBF03 /* PageViewControllerUITests.swift */ = {isa = PBXFileReference; lastKnownFileType = sourcecode.swift; path = PageViewControllerUITests.swift; sourceTree = "<group>"; };
		2AEE9D221EA30E07002BBF03 /* Info.plist */ = {isa = PBXFileReference; lastKnownFileType = text.plist.xml; path = Info.plist; sourceTree = "<group>"; };
		2AEE9D2E1EA30FB5002BBF03 /* PageVC.swift */ = {isa = PBXFileReference; fileEncoding = 4; lastKnownFileType = sourcecode.swift; path = PageVC.swift; sourceTree = "<group>"; };
/* End PBXFileReference section */

/* Begin PBXFrameworksBuildPhase section */
		2AEE9CFA1EA30E07002BBF03 /* Frameworks */ = {
			isa = PBXFrameworksBuildPhase;
			buildActionMask = 2147483647;
			files = (
			);
			runOnlyForDeploymentPostprocessing = 0;
		};
		2AEE9D0E1EA30E07002BBF03 /* Frameworks */ = {
			isa = PBXFrameworksBuildPhase;
			buildActionMask = 2147483647;
			files = (
			);
			runOnlyForDeploymentPostprocessing = 0;
		};
		2AEE9D191EA30E07002BBF03 /* Frameworks */ = {
			isa = PBXFrameworksBuildPhase;
			buildActionMask = 2147483647;
			files = (
			);
			runOnlyForDeploymentPostprocessing = 0;
		};
/* End PBXFrameworksBuildPhase section */

/* Begin PBXGroup section */
		2AEE9CF41EA30E07002BBF03 = {
			isa = PBXGroup;
			children = (
				2AEE9CFF1EA30E07002BBF03 /* PageViewController */,
				2AEE9D141EA30E07002BBF03 /* PageViewControllerTests */,
				2AEE9D1F1EA30E07002BBF03 /* PageViewControllerUITests */,
				2AEE9CFE1EA30E07002BBF03 /* Products */,
			);
			sourceTree = "<group>";
		};
		2AEE9CFE1EA30E07002BBF03 /* Products */ = {
			isa = PBXGroup;
			children = (
				2AEE9CFD1EA30E07002BBF03 /* PageViewController.app */,
				2AEE9D111EA30E07002BBF03 /* PageViewControllerTests.xctest */,
				2AEE9D1C1EA30E07002BBF03 /* PageViewControllerUITests.xctest */,
			);
			name = Products;
			sourceTree = "<group>";
		};
		2AEE9CFF1EA30E07002BBF03 /* PageViewController */ = {
			isa = PBXGroup;
			children = (
				2AEE9D001EA30E07002BBF03 /* AppDelegate.swift */,
				2AEE9D021EA30E07002BBF03 /* ViewController.swift */,
				2AEE9D041EA30E07002BBF03 /* Main.storyboard */,
				2AEE9D2E1EA30FB5002BBF03 /* PageVC.swift */,
				2AEE9D071EA30E07002BBF03 /* Assets.xcassets */,
				2AEE9D091EA30E07002BBF03 /* LaunchScreen.storyboard */,
				2AEE9D0C1EA30E07002BBF03 /* Info.plist */,
			);
			path = PageViewController;
			sourceTree = "<group>";
		};
		2AEE9D141EA30E07002BBF03 /* PageViewControllerTests */ = {
			isa = PBXGroup;
			children = (
				2AEE9D151EA30E07002BBF03 /* PageViewControllerTests.swift */,
				2AEE9D171EA30E07002BBF03 /* Info.plist */,
			);
			path = PageViewControllerTests;
			sourceTree = "<group>";
		};
		2AEE9D1F1EA30E07002BBF03 /* PageViewControllerUITests */ = {
			isa = PBXGroup;
			children = (
				2AEE9D201EA30E07002BBF03 /* PageViewControllerUITests.swift */,
				2AEE9D221EA30E07002BBF03 /* Info.plist */,
			);
			path = PageViewControllerUITests;
			sourceTree = "<group>";
		};
/* End PBXGroup section */

/* Begin PBXNativeTarget section */
		2AEE9CFC1EA30E07002BBF03 /* PageViewController */ = {
			isa = PBXNativeTarget;
			buildConfigurationList = 2AEE9D251EA30E07002BBF03 /* Build configuration list for PBXNativeTarget "PageViewController" */;
			buildPhases = (
				2AEE9CF91EA30E07002BBF03 /* Sources */,
				2AEE9CFA1EA30E07002BBF03 /* Frameworks */,
				2AEE9CFB1EA30E07002BBF03 /* Resources */,
			);
			buildRules = (
			);
			dependencies = (
			);
			name = PageViewController;
			productName = PageViewController;
			productReference = 2AEE9CFD1EA30E07002BBF03 /* PageViewController.app */;
			productType = "com.apple.product-type.application";
		};
		2AEE9D101EA30E07002BBF03 /* PageViewControllerTests */ = {
			isa = PBXNativeTarget;
			buildConfigurationList = 2AEE9D281EA30E07002BBF03 /* Build configuration list for PBXNativeTarget "PageViewControllerTests" */;
			buildPhases = (
				2AEE9D0D1EA30E07002BBF03 /* Sources */,
				2AEE9D0E1EA30E07002BBF03 /* Frameworks */,
				2AEE9D0F1EA30E07002BBF03 /* Resources */,
			);
			buildRules = (
			);
			dependencies = (
				2AEE9D131EA30E07002BBF03 /* PBXTargetDependency */,
			);
			name = PageViewControllerTests;
			productName = PageViewControllerTests;
			productReference = 2AEE9D111EA30E07002BBF03 /* PageViewControllerTests.xctest */;
			productType = "com.apple.product-type.bundle.unit-test";
		};
		2AEE9D1B1EA30E07002BBF03 /* PageViewControllerUITests */ = {
			isa = PBXNativeTarget;
			buildConfigurationList = 2AEE9D2B1EA30E07002BBF03 /* Build configuration list for PBXNativeTarget "PageViewControllerUITests" */;
			buildPhases = (
				2AEE9D181EA30E07002BBF03 /* Sources */,
				2AEE9D191EA30E07002BBF03 /* Frameworks */,
				2AEE9D1A1EA30E07002BBF03 /* Resources */,
			);
			buildRules = (
			);
			dependencies = (
				2AEE9D1E1EA30E07002BBF03 /* PBXTargetDependency */,
			);
			name = PageViewControllerUITests;
			productName = PageViewControllerUITests;
			productReference = 2AEE9D1C1EA30E07002BBF03 /* PageViewControllerUITests.xctest */;
			productType = "com.apple.product-type.bundle.ui-testing";
		};
/* End PBXNativeTarget section */

/* Begin PBXProject section */
		2AEE9CF51EA30E07002BBF03 /* Project object */ = {
			isa = PBXProject;
			attributes = {
				LastSwiftUpdateCheck = 0830;
				LastUpgradeCheck = 0830;
				ORGANIZATIONNAME = "Mehul  Singhal ";
				TargetAttributes = {
					2AEE9CFC1EA30E07002BBF03 = {
						CreatedOnToolsVersion = 8.3.1;
						ProvisioningStyle = Automatic;
					};
					2AEE9D101EA30E07002BBF03 = {
						CreatedOnToolsVersion = 8.3.1;
						ProvisioningStyle = Automatic;
						TestTargetID = 2AEE9CFC1EA30E07002BBF03;
					};
					2AEE9D1B1EA30E07002BBF03 = {
						CreatedOnToolsVersion = 8.3.1;
						ProvisioningStyle = Automatic;
						TestTargetID = 2AEE9CFC1EA30E07002BBF03;
					};
				};
			};
			buildConfigurationList = 2AEE9CF81EA30E07002BBF03 /* Build configuration list for PBXProject "PageViewController" */;
			compatibilityVersion = "Xcode 3.2";
			developmentRegion = English;
			hasScannedForEncodings = 0;
			knownRegions = (
				en,
				Base,
			);
			mainGroup = 2AEE9CF41EA30E07002BBF03;
			productRefGroup = 2AEE9CFE1EA30E07002BBF03 /* Products */;
			projectDirPath = "";
			projectRoot = "";
			targets = (
				2AEE9CFC1EA30E07002BBF03 /* PageViewController */,
				2AEE9D101EA30E07002BBF03 /* PageViewControllerTests */,
				2AEE9D1B1EA30E07002BBF03 /* PageViewControllerUITests */,
			);
		};
/* End PBXProject section */

/* Begin PBXResourcesBuildPhase section */
		2AEE9CFB1EA30E07002BBF03 /* Resources */ = {
			isa = PBXResourcesBuildPhase;
			buildActionMask = 2147483647;
			files = (
				2AEE9D0B1EA30E07002BBF03 /* LaunchScreen.storyboard in Resources */,
				2AEE9D081EA30E07002BBF03 /* Assets.xcassets in Resources */,
				2AEE9D061EA30E07002BBF03 /* Main.storyboard in Resources */,
			);
			runOnlyForDeploymentPostprocessing = 0;
		};
		2AEE9D0F1EA30E07002BBF03 /* Resources */ = {
			isa = PBXResourcesBuildPhase;
			buildActionMask = 2147483647;
			files = (
			);
			runOnlyForDeploymentPostprocessing = 0;
		};
		2AEE9D1A1EA30E07002BBF03 /* Resources */ = {
			isa = PBXResourcesBuildPhase;
			buildActionMask = 2147483647;
			files = (
			);
			runOnlyForDeploymentPostprocessing = 0;
		};
/* End PBXResourcesBuildPhase section */

/* Begin PBXSourcesBuildPhase section */
		2AEE9CF91EA30E07002BBF03 /* Sources */ = {
			isa = PBXSourcesBuildPhase;
			buildActionMask = 2147483647;
			files = (
				2AEE9D031EA30E07002BBF03 /* ViewController.swift in Sources */,
				2AEE9D2F1EA30FB5002BBF03 /* PageVC.swift in Sources */,
				2AEE9D011EA30E07002BBF03 /* AppDelegate.swift in Sources */,
			);
			runOnlyForDeploymentPostprocessing = 0;
		};
		2AEE9D0D1EA30E07002BBF03 /* Sources */ = {
			isa = PBXSourcesBuildPhase;
			buildActionMask = 2147483647;
			files = (
				2AEE9D161EA30E07002BBF03 /* PageViewControllerTests.swift in Sources */,
			);
			runOnlyForDeploymentPostprocessing = 0;
		};
		2AEE9D181EA30E07002BBF03 /* Sources */ = {
			isa = PBXSourcesBuildPhase;
			buildActionMask = 2147483647;
			files = (
				2AEE9D211EA30E07002BBF03 /* PageViewControllerUITests.swift in Sources */,
			);
			runOnlyForDeploymentPostprocessing = 0;
		};
/* End PBXSourcesBuildPhase section */

/* Begin PBXTargetDependency section */
		2AEE9D131EA30E07002BBF03 /* PBXTargetDependency */ = {
			isa = PBXTargetDependency;
			target = 2AEE9CFC1EA30E07002BBF03 /* PageViewController */;
			targetProxy = 2AEE9D121EA30E07002BBF03 /* PBXContainerItemProxy */;
		};
		2AEE9D1E1EA30E07002BBF03 /* PBXTargetDependency */ = {
			isa = PBXTargetDependency;
			target = 2AEE9CFC1EA30E07002BBF03 /* PageViewController */;
			targetProxy = 2AEE9D1D1EA30E07002BBF03 /* PBXContainerItemProxy */;
		};
/* End PBXTargetDependency section */

/* Begin PBXVariantGroup section */
		2AEE9D041EA30E07002BBF03 /* Main.storyboard */ = {
			isa = PBXVariantGroup;
			children = (
				2AEE9D051EA30E07002BBF03 /* Base */,
			);
			name = Main.storyboard;
			sourceTree = "<group>";
		};
		2AEE9D091EA30E07002BBF03 /* LaunchScreen.storyboard */ = {
			isa = PBXVariantGroup;
			children = (
				2AEE9D0A1EA30E07002BBF03 /* Base */,
			);
			name = LaunchScreen.storyboard;
			sourceTree = "<group>";
		};
/* End PBXVariantGroup section */

/* Begin XCBuildConfiguration section */
		2AEE9D231EA30E07002BBF03 /* Debug */ = {
			isa = XCBuildConfiguration;
			buildSettings = {
				ALWAYS_SEARCH_USER_PATHS = NO;
				CLANG_ANALYZER_NONNULL = YES;
				CLANG_ANALYZER_NUMBER_OBJECT_CONVERSION = YES_AGGRESSIVE;
				CLANG_CXX_LANGUAGE_STANDARD = "gnu++0x";
				CLANG_CXX_LIBRARY = "libc++";
				CLANG_ENABLE_MODULES = YES;
				CLANG_ENABLE_OBJC_ARC = YES;
				CLANG_WARN_BOOL_CONVERSION = YES;
				CLANG_WARN_CONSTANT_CONVERSION = YES;
				CLANG_WARN_DIRECT_OBJC_ISA_USAGE = YES_ERROR;
				CLANG_WARN_DOCUMENTATION_COMMENTS = YES;
				CLANG_WARN_EMPTY_BODY = YES;
				CLANG_WARN_ENUM_CONVERSION = YES;
				CLANG_WARN_INFINITE_RECURSION = YES;
				CLANG_WARN_INT_CONVERSION = YES;
				CLANG_WARN_OBJC_ROOT_CLASS = YES_ERROR;
				CLANG_WARN_SUSPICIOUS_MOVE = YES;
				CLANG_WARN_UNREACHABLE_CODE = YES;
				CLANG_WARN__DUPLICATE_METHOD_MATCH = YES;
				"CODE_SIGN_IDENTITY[sdk=iphoneos*]" = "iPhone Developer";
				COPY_PHASE_STRIP = NO;
				DEBUG_INFORMATION_FORMAT = dwarf;
				ENABLE_STRICT_OBJC_MSGSEND = YES;
				ENABLE_TESTABILITY = YES;
				GCC_C_LANGUAGE_STANDARD = gnu99;
				GCC_DYNAMIC_NO_PIC = NO;
				GCC_NO_COMMON_BLOCKS = YES;
				GCC_OPTIMIZATION_LEVEL = 0;
				GCC_PREPROCESSOR_DEFINITIONS = (
					"DEBUG=1",
					"$(inherited)",
				);
				GCC_WARN_64_TO_32_BIT_CONVERSION = YES;
				GCC_WARN_ABOUT_RETURN_TYPE = YES_ERROR;
				GCC_WARN_UNDECLARED_SELECTOR = YES;
				GCC_WARN_UNINITIALIZED_AUTOS = YES_AGGRESSIVE;
				GCC_WARN_UNUSED_FUNCTION = YES;
				GCC_WARN_UNUSED_VARIABLE = YES;
				IPHONEOS_DEPLOYMENT_TARGET = 10.3;
				MTL_ENABLE_DEBUG_INFO = YES;
				ONLY_ACTIVE_ARCH = YES;
				SDKROOT = iphoneos;
				SWIFT_ACTIVE_COMPILATION_CONDITIONS = DEBUG;
				SWIFT_OPTIMIZATION_LEVEL = "-Onone";
				TARGETED_DEVICE_FAMILY = "1,2";
			};
			name = Debug;
		};
		2AEE9D241EA30E07002BBF03 /* Release */ = {
			isa = XCBuildConfiguration;
			buildSettings = {
				ALWAYS_SEARCH_USER_PATHS = NO;
				CLANG_ANALYZER_NONNULL = YES;
				CLANG_ANALYZER_NUMBER_OBJECT_CONVERSION = YES_AGGRESSIVE;
				CLANG_CXX_LANGUAGE_STANDARD = "gnu++0x";
				CLANG_CXX_LIBRARY = "libc++";
				CLANG_ENABLE_MODULES = YES;
				CLANG_ENABLE_OBJC_ARC = YES;
				CLANG_WARN_BOOL_CONVERSION = YES;
				CLANG_WARN_CONSTANT_CONVERSION = YES;
				CLANG_WARN_DIRECT_OBJC_ISA_USAGE = YES_ERROR;
				CLANG_WARN_DOCUMENTATION_COMMENTS = YES;
				CLANG_WARN_EMPTY_BODY = YES;
				CLANG_WARN_ENUM_CONVERSION = YES;
				CLANG_WARN_INFINITE_RECURSION = YES;
				CLANG_WARN_INT_CONVERSION = YES;
				CLANG_WARN_OBJC_ROOT_CLASS = YES_ERROR;
				CLANG_WARN_SUSPICIOUS_MOVE = YES;
				CLANG_WARN_UNREACHABLE_CODE = YES;
				CLANG_WARN__DUPLICATE_METHOD_MATCH = YES;
				"CODE_SIGN_IDENTITY[sdk=iphoneos*]" = "iPhone Developer";
				COPY_PHASE_STRIP = NO;
				DEBUG_INFORMATION_FORMAT = "dwarf-with-dsym";
				ENABLE_NS_ASSERTIONS = NO;
				ENABLE_STRICT_OBJC_MSGSEND = YES;
				GCC_C_LANGUAGE_STANDARD = gnu99;
				GCC_NO_COMMON_BLOCKS = YES;
				GCC_WARN_64_TO_32_BIT_CONVERSION = YES;
				GCC_WARN_ABOUT_RETURN_TYPE = YES_ERROR;
				GCC_WARN_UNDECLARED_SELECTOR = YES;
				GCC_WARN_UNINITIALIZED_AUTOS = YES_AGGRESSIVE;
				GCC_WARN_UNUSED_FUNCTION = YES;
				GCC_WARN_UNUSED_VARIABLE = YES;
				IPHONEOS_DEPLOYMENT_TARGET = 10.3;
				MTL_ENABLE_DEBUG_INFO = NO;
				SDKROOT = iphoneos;
				SWIFT_OPTIMIZATION_LEVEL = "-Owholemodule";
				TARGETED_DEVICE_FAMILY = "1,2";
				VALIDATE_PRODUCT = YES;
			};
			name = Release;
		};
		2AEE9D261EA30E07002BBF03 /* Debug */ = {
			isa = XCBuildConfiguration;
			buildSettings = {
				ASSETCATALOG_COMPILER_APPICON_NAME = AppIcon;
				INFOPLIST_FILE = PageViewController/Info.plist;
				LD_RUNPATH_SEARCH_PATHS = "$(inherited) @executable_path/Frameworks";
				PRODUCT_BUNDLE_IDENTIFIER = DrunkenLord.PageViewController;
				PRODUCT_NAME = "$(TARGET_NAME)";
				SWIFT_VERSION = 3.0;
			};
			name = Debug;
		};
		2AEE9D271EA30E07002BBF03 /* Release */ = {
			isa = XCBuildConfiguration;
			buildSettings = {
				ASSETCATALOG_COMPILER_APPICON_NAME = AppIcon;
				INFOPLIST_FILE = PageViewController/Info.plist;
				LD_RUNPATH_SEARCH_PATHS = "$(inherited) @executable_path/Frameworks";
				PRODUCT_BUNDLE_IDENTIFIER = DrunkenLord.PageViewController;
				PRODUCT_NAME = "$(TARGET_NAME)";
				SWIFT_VERSION = 3.0;
			};
			name = Release;
		};
		2AEE9D291EA30E07002BBF03 /* Debug */ = {
			isa = XCBuildConfiguration;
			buildSettings = {
				ALWAYS_EMBED_SWIFT_STANDARD_LIBRARIES = YES;
				BUNDLE_LOADER = "$(TEST_HOST)";
				INFOPLIST_FILE = PageViewControllerTests/Info.plist;
				LD_RUNPATH_SEARCH_PATHS = "$(inherited) @executable_path/Frameworks @loader_path/Frameworks";
				PRODUCT_BUNDLE_IDENTIFIER = DrunkenLord.PageViewControllerTests;
				PRODUCT_NAME = "$(TARGET_NAME)";
				SWIFT_VERSION = 3.0;
				TEST_HOST = "$(BUILT_PRODUCTS_DIR)/PageViewController.app/PageViewController";
			};
			name = Debug;
		};
		2AEE9D2A1EA30E07002BBF03 /* Release */ = {
			isa = XCBuildConfiguration;
			buildSettings = {
				ALWAYS_EMBED_SWIFT_STANDARD_LIBRARIES = YES;
				BUNDLE_LOADER = "$(TEST_HOST)";
				INFOPLIST_FILE = PageViewControllerTests/Info.plist;
				LD_RUNPATH_SEARCH_PATHS = "$(inherited) @executable_path/Frameworks @loader_path/Frameworks";
				PRODUCT_BUNDLE_IDENTIFIER = DrunkenLord.PageViewControllerTests;
				PRODUCT_NAME = "$(TARGET_NAME)";
				SWIFT_VERSION = 3.0;
				TEST_HOST = "$(BUILT_PRODUCTS_DIR)/PageViewController.app/PageViewController";
			};
			name = Release;
		};
		2AEE9D2C1EA30E07002BBF03 /* Debug */ = {
			isa = XCBuildConfiguration;
			buildSettings = {
				ALWAYS_EMBED_SWIFT_STANDARD_LIBRARIES = YES;
				INFOPLIST_FILE = PageViewControllerUITests/Info.plist;
				LD_RUNPATH_SEARCH_PATHS = "$(inherited) @executable_path/Frameworks @loader_path/Frameworks";
				PRODUCT_BUNDLE_IDENTIFIER = DrunkenLord.PageViewControllerUITests;
				PRODUCT_NAME = "$(TARGET_NAME)";
				SWIFT_VERSION = 3.0;
				TEST_TARGET_NAME = PageViewController;
			};
			name = Debug;
		};
		2AEE9D2D1EA30E07002BBF03 /* Release */ = {
			isa = XCBuildConfiguration;
			buildSettings = {
				ALWAYS_EMBED_SWIFT_STANDARD_LIBRARIES = YES;
				INFOPLIST_FILE = PageViewControllerUITests/Info.plist;
				LD_RUNPATH_SEARCH_PATHS = "$(inherited) @executable_path/Frameworks @loader_path/Frameworks";
				PRODUCT_BUNDLE_IDENTIFIER = DrunkenLord.PageViewControllerUITests;
				PRODUCT_NAME = "$(TARGET_NAME)";
				SWIFT_VERSION = 3.0;
				TEST_TARGET_NAME = PageViewController;
			};
			name = Release;
		};
/* End XCBuildConfiguration section */

/* Begin XCConfigurationList section */
		2AEE9CF81EA30E07002BBF03 /* Build configuration list for PBXProject "PageViewController" */ = {
			isa = XCConfigurationList;
			buildConfigurations = (
				2AEE9D231EA30E07002BBF03 /* Debug */,
				2AEE9D241EA30E07002BBF03 /* Release */,
			);
			defaultConfigurationIsVisible = 0;
			defaultConfigurationName = Release;
		};
		2AEE9D251EA30E07002BBF03 /* Build configuration list for PBXNativeTarget "PageViewController" */ = {
			isa = XCConfigurationList;
			buildConfigurations = (
				2AEE9D261EA30E07002BBF03 /* Debug */,
				2AEE9D271EA30E07002BBF03 /* Release */,
			);
			defaultConfigurationIsVisible = 0;
		};
		2AEE9D281EA30E07002BBF03 /* Build configuration list for PBXNativeTarget "PageViewControllerTests" */ = {
			isa = XCConfigurationList;
			buildConfigurations = (
				2AEE9D291EA30E07002BBF03 /* Debug */,
				2AEE9D2A1EA30E07002BBF03 /* Release */,
			);
			defaultConfigurationIsVisible = 0;
		};
		2AEE9D2B1EA30E07002BBF03 /* Build configuration list for PBXNativeTarget "PageViewControllerUITests" */ = {
			isa = XCConfigurationList;
			buildConfigurations = (
				2AEE9D2C1EA30E07002BBF03 /* Debug */,
				2AEE9D2D1EA30E07002BBF03 /* Release */,
			);
			defaultConfigurationIsVisible = 0;
		};
/* End XCConfigurationList section */
	};
	rootObject = 2AEE9CF51EA30E07002BBF03 /* Project object */;
}
